lockfileVersion: '9.0'

settings:
  autoInstallPeers: true
  excludeLinksFromLockfile: false

importers:

  .:
    devDependencies:
      '@biomejs/biome':
        specifier: 2.0.0-beta.2
        version: 2.0.0-beta.2
      '@jszymanowski/biomejs-config':
        specifier: 1.2.0
        version: 1.2.0

packages:

  '@biomejs/biome@2.0.0-beta.2':
    resolution: {integrity: sha512-F/2/v4T+kctdV8cY/+x5y09RJyHZibDMqi5uRIa6kpJsirm42TEsqMx1srGqcrY3bSJ3JO3pbjW3icTcIS2Z3g==}
    engines: {node: '>=14.21.3'}
    hasBin: true

  '@biomejs/cli-darwin-arm64@2.0.0-beta.2':
    resolution: {integrity: sha512-LJ7wjYNZkqcQDV6Xyoy9pwFp931rTDp5JvJkF+oPkucurn1kg07sYKV1fPErbfgnLzquaGHAez3wVA8MsTf79A==}
    engines: {node: '>=14.21.3'}
    cpu: [arm64]
    os: [darwin]

  '@biomejs/cli-darwin-x64@2.0.0-beta.2':
    resolution: {integrity: sha512-o6KINuooUCIeg8RPUFabYjEtlosR7+P3ysyeOJ9BvGTLykgm+EtMBVMG+aZTut/cCcijkLQNDCdhza+Zj9PKQA==}
    engines: {node: '>=14.21.3'}
    cpu: [x64]
    os: [darwin]

  '@biomejs/cli-linux-arm64-musl@2.0.0-beta.2':
    resolution: {integrity: sha512-OTPJalprRj+sGJKOFOrtPvRO2GqCzRBDJTk2C4MbK9ed5+h9eBMd8/A2IdQ8XOm0BECJWvIomzDaNEwKN3pNYw==}
    engines: {node: '>=14.21.3'}
    cpu: [arm64]
    os: [linux]

  '@biomejs/cli-linux-arm64@2.0.0-beta.2':
    resolution: {integrity: sha512-9DWVXNYcKFTZv8T3Q6SBAl6SPMNzHsiaiQuuXm/cxSGaAfI0ixh0HNWYlLeTbfC86aBsnG+Us6mGYaFKF2p8YA==}
    engines: {node: '>=14.21.3'}
    cpu: [arm64]
    os: [linux]

  '@biomejs/cli-linux-x64-musl@2.0.0-beta.2':
    resolution: {integrity: sha512-1TsFLIuefU47cdGLw1ELUVggvZsbyJbgrxy4KSeUQ3Ko1dJ9loOPvDC3X6UQBamHFdaKpbyZYzh2BiH81Pf55g==}
    engines: {node: '>=14.21.3'}
    cpu: [x64]
    os: [linux]

  '@biomejs/cli-linux-x64@2.0.0-beta.2':
    resolution: {integrity: sha512-QjFfkbkzu388ChySo5XPMh2VNrFv216Xw04k0y3VlQ9v8pAPxmx9z0y+UnBjlndtDdJj/IhsLKG2FN7RhBjXbA==}
    engines: {node: '>=14.21.3'}
    cpu: [x64]
    os: [linux]

  '@biomejs/cli-win32-arm64@2.0.0-beta.2':
    resolution: {integrity: sha512-MM60v1kLPONOwQK45jRbRwUes/083Hy/dzmO8QsQJ5eW5sV0oPIuZhuX+SMY3z3TyDmfuXZoemgPETeEjB+TdA==}
    engines: {node: '>=14.21.3'}
    cpu: [arm64]
    os: [win32]

  '@biomejs/cli-win32-x64@2.0.0-beta.2':
    resolution: {integrity: sha512-tTHhVMEqRRBhpfWxwYTSGV8PIOQqc/RQz7WmuX/zaBkBbB9+hc2yeMmn6DPRPnaxNPjkNgD/Kwy3prQ4SxYAAw==}
    engines: {node: '>=14.21.3'}
    cpu: [x64]
    os: [win32]

  '@jszymanowski/biomejs-config@1.2.0':
    resolution: {integrity: sha512-2+tKvkB84zy83k2fPZdKp7qr7Q5jX7mXyQPFRlHE3OcG+O5hsUibdyRWBSwb8BvezfHoOwvqOBuoI/vnNhdDqA==}

snapshots:

  '@biomejs/biome@2.0.0-beta.2':
    optionalDependencies:
      '@biomejs/cli-darwin-arm64': 2.0.0-beta.2
      '@biomejs/cli-darwin-x64': 2.0.0-beta.2
      '@biomejs/cli-linux-arm64': 2.0.0-beta.2
      '@biomejs/cli-linux-arm64-musl': 2.0.0-beta.2
      '@biomejs/cli-linux-x64': 2.0.0-beta.2
      '@biomejs/cli-linux-x64-musl': 2.0.0-beta.2
      '@biomejs/cli-win32-arm64': 2.0.0-beta.2
      '@biomejs/cli-win32-x64': 2.0.0-beta.2

  '@biomejs/cli-darwin-arm64@2.0.0-beta.2':
    optional: true

  '@biomejs/cli-darwin-x64@2.0.0-beta.2':
    optional: true

  '@biomejs/cli-linux-arm64-musl@2.0.0-beta.2':
    optional: true

  '@biomejs/cli-linux-arm64@2.0.0-beta.2':
    optional: true

  '@biomejs/cli-linux-x64-musl@2.0.0-beta.2':
    optional: true

  '@biomejs/cli-linux-x64@2.0.0-beta.2':
    optional: true

  '@biomejs/cli-win32-arm64@2.0.0-beta.2':
    optional: true

  '@biomejs/cli-win32-x64@2.0.0-beta.2':
    optional: true

  '@jszymanowski/biomejs-config@1.2.0': {}
