lockfileVersion: '9.0'

settings:
  autoInstallPeers: true
  excludeLinksFromLockfile: false

importers:

  .:
    devDependencies:
      '@biomejs/biome':
        specifier: 2.0.0-beta.5
        version: 2.0.0-beta.5
      '@still-forest/biomejs-config':
        specifier: 1.3.0
        version: 1.3.0

packages:

  '@biomejs/biome@2.0.0-beta.5':
    resolution: {integrity: sha512-1ldO4AepieVvg4aLi1ubZkA7NsefQT2UTNssbJbDiQTGem8kCHx/PZCwLxIR6UzFpGIjh0xsDzivyVvhnmqmuA==}
    engines: {node: '>=14.21.3'}
    hasBin: true

  '@biomejs/cli-darwin-arm64@2.0.0-beta.5':
    resolution: {integrity: sha512-pnJiaoDpwGo+ctGkMu4POcO8jgOgCErBdYbhutr+K9rxxJS+TlHLr0LR91GCEWbGV2O1oyZRFQcW21rYFoak4w==}
    engines: {node: '>=14.21.3'}
    cpu: [arm64]
    os: [darwin]

  '@biomejs/cli-darwin-x64@2.0.0-beta.5':
    resolution: {integrity: sha512-WwEZpqcmsNoFpZkUFNQcbZo52WK4hLGQ0vZk3PQ8JlZ55gJsHiyhtv6aem6fVlyVCvZgpsC0sYPLE3VvFVKNAQ==}
    engines: {node: '>=14.21.3'}
    cpu: [x64]
    os: [darwin]

  '@biomejs/cli-linux-arm64-musl@2.0.0-beta.5':
    resolution: {integrity: sha512-4vxNkYx1uEt211W8hLdXddc7icRHQgYENb72g6uTd/tLVPSBvIwqUAxAOkU+9Ai1E/8R4sWy7HIxREgpuFgbNA==}
    engines: {node: '>=14.21.3'}
    cpu: [arm64]
    os: [linux]

  '@biomejs/cli-linux-arm64@2.0.0-beta.5':
    resolution: {integrity: sha512-lAF1de+Ki0vnq14NwDXouKkAR/iviyMNrUngSHjTGFC4z8XGVEfIw0ZMSm7fAdJZ5fAWodt9HiYmEAVs5EtHQg==}
    engines: {node: '>=14.21.3'}
    cpu: [arm64]
    os: [linux]

  '@biomejs/cli-linux-x64-musl@2.0.0-beta.5':
    resolution: {integrity: sha512-nUeKGO517GtRCxziVD9les1HiCs2s2/WIVITMN9+9RRuLOko8r+T77E8ZXEmlfLOfOIOeE6z62WITqei3oNccA==}
    engines: {node: '>=14.21.3'}
    cpu: [x64]
    os: [linux]

  '@biomejs/cli-linux-x64@2.0.0-beta.5':
    resolution: {integrity: sha512-I0Pt1VHeL1mN8G7ZwV2u9AfzBd5ZKfbvHUI4x2wETUZbwcQlAu/nEzEa2LUe5HqSmnctTR36ig7RkkM9qbmIrA==}
    engines: {node: '>=14.21.3'}
    cpu: [x64]
    os: [linux]

  '@biomejs/cli-win32-arm64@2.0.0-beta.5':
    resolution: {integrity: sha512-YXW6hgbrgBcWQ1SLO69ypWlluPchgQV5C1lTG4xOcBUWdCsfYuQirM64S6Dov7SFPqsMIoFC6LlQRW+n8qAyiA==}
    engines: {node: '>=14.21.3'}
    cpu: [arm64]
    os: [win32]

  '@biomejs/cli-win32-x64@2.0.0-beta.5':
    resolution: {integrity: sha512-N7Yby52BJmvEdst1iMbclE5hxxefboaXKRJLm1tLfBYr4FeuoCe6j8HdiQSwhCRdIUGFFqBLaDXh//LLF6EReA==}
    engines: {node: '>=14.21.3'}
    cpu: [x64]
    os: [win32]

  '@still-forest/biomejs-config@1.3.0':
    resolution: {integrity: sha512-Lg+QZROTaZM822SQzjCFZ1hiRDfxsO5TluohX08bUeQs06kXw1VLt7Sv+gQm5SylNWQdvi1G6Gp9rRQvPdJ32g==}

snapshots:

  '@biomejs/biome@2.0.0-beta.5':
    optionalDependencies:
      '@biomejs/cli-darwin-arm64': 2.0.0-beta.5
      '@biomejs/cli-darwin-x64': 2.0.0-beta.5
      '@biomejs/cli-linux-arm64': 2.0.0-beta.5
      '@biomejs/cli-linux-arm64-musl': 2.0.0-beta.5
      '@biomejs/cli-linux-x64': 2.0.0-beta.5
      '@biomejs/cli-linux-x64-musl': 2.0.0-beta.5
      '@biomejs/cli-win32-arm64': 2.0.0-beta.5
      '@biomejs/cli-win32-x64': 2.0.0-beta.5

  '@biomejs/cli-darwin-arm64@2.0.0-beta.5':
    optional: true

  '@biomejs/cli-darwin-x64@2.0.0-beta.5':
    optional: true

  '@biomejs/cli-linux-arm64-musl@2.0.0-beta.5':
    optional: true

  '@biomejs/cli-linux-arm64@2.0.0-beta.5':
    optional: true

  '@biomejs/cli-linux-x64-musl@2.0.0-beta.5':
    optional: true

  '@biomejs/cli-linux-x64@2.0.0-beta.5':
    optional: true

  '@biomejs/cli-win32-arm64@2.0.0-beta.5':
    optional: true

  '@biomejs/cli-win32-x64@2.0.0-beta.5':
    optional: true

  '@still-forest/biomejs-config@1.3.0': {}
